
Microsoft Visual Studio Solution File, Format Version 12.00
# Visual Studio Version 17
VisualStudioVersion = 17.10.35004.147
MinimumVisualStudioVersion = 10.0.40219.1
Project("{FAE04EC0-301F-11D3-BF4B-00C04F79EFBC}") = "PickACardUI", "PickACardUI\PickACardUI.csproj", "{74B86FE6-C337-4279-AB43-86C41F5D3938}"
EndProject
Global
	GlobalSection(SolutionConfigurationPlatforms) = preSolution
		Debug|Any CPU = Debug|Any CPU
		Release|Any CPU = Release|Any CPU
	EndGlobalSection
	GlobalSection(ProjectConfigurationPlatforms) = postSolution
		{74B86FE6-C337-4279-AB43-86C41F5D3938}.Debug|Any CPU.ActiveCfg = Debug|Any CPU
		{74B86FE6-C337-4279-AB43-86C41F5D3938}.Debug|Any CPU.Build.0 = Debug|Any CPU
		{74B86FE6-C337-4279-AB43-86C41F5D3938}.Release|Any CPU.ActiveCfg = Release|Any CPU
		{74B86FE6-C337-4279-AB43-86C41F5D3938}.Release|Any CPU.Build.0 = Release|Any CPU
	EndGlobalSection
	GlobalSection(SolutionProperties) = preSolution
		HideSolutionNode = FALSE
	EndGlobalSection
	GlobalSection(ExtensibilityGlobals) = postSolution
		SolutionGuid = {97F39796-F9D8-4C3F-A956-B05E8200D1CC}
	EndGlobalSection
EndGlobal
